
Microsoft Visual Studio Solution File, Format Version 12.00
# Visual Studio Version 17
VisualStudioVersion = 17.1.32228.430
MinimumVisualStudioVersion = 10.0.40219.1
Project("{2150E333-8FDC-42A3-9474-1A3956D46DE8}") = "Services", "Services", "{96946ECF-767F-4464-9F0D-F7DBF9C9A99E}"
EndProject
Project("{2150E333-8FDC-42A3-9474-1A3956D46DE8}") = "Catalog", "Catalog", "{ADE323EE-5974-4A04-8B95-4804EC72D0CD}"
EndProject
Project("{9A19103F-16F7-4668-BE54-9A1E7A4F7556}") = "FreeCourse.Services.Catalog", "Services\Catalog\FreeCourse.Services.Catalog\FreeCourse.Services.Catalog.csproj", "{E2EFDAF0-AEF5-4225-8AF7-63FCCBA5612A}"
EndProject
Project("{2150E333-8FDC-42A3-9474-1A3956D46DE8}") = "Solution Items", "Solution Items", "{BC84661A-466A-4814-87B0-A5BBCD175AEC}"
	ProjectSection(SolutionItems) = preProject
		Ports.txt = Ports.txt
	EndProjectSection
EndProject
Project("{2150E333-8FDC-42A3-9474-1A3956D46DE8}") = "Shared", "Shared", "{AF3FE4CD-8887-4A1C-B81E-0C2643581C09}"
EndProject
Project("{9A19103F-16F7-4668-BE54-9A1E7A4F7556}") = "FreeCourse.Shared", "Shared\FreeCourse.Shared\FreeCourse.Shared.csproj", "{D79049EF-FD3D-41FF-9B69-1CE315A5DFA8}"
EndProject
Project("{2150E333-8FDC-42A3-9474-1A3956D46DE8}") = "IdentityServer", "IdentityServer", "{B74B0450-4A1E-43D6-8DC5-9913D0171B26}"
EndProject
Project("{9A19103F-16F7-4668-BE54-9A1E7A4F7556}") = "FreeCourse.IdentityServer", "IdentityServer\FreeCourse.IdentityServer\FreeCourse.IdentityServer.csproj", "{48A067B0-78ED-40EE-9141-9A1335B210B5}"
EndProject
Project("{2150E333-8FDC-42A3-9474-1A3956D46DE8}") = "PhotoStock", "PhotoStock", "{82C8A3E6-8EA1-423C-B109-8E27F9F14306}"
EndProject
Project("{9A19103F-16F7-4668-BE54-9A1E7A4F7556}") = "FreeCourse.Services.PhotoStock", "Services\PhotoStock\FreeCourse.Services.PhotoStock\FreeCourse.Services.PhotoStock.csproj", "{1CF98D4E-A490-40B4-93BF-AE82E70DB9E3}"
EndProject
Project("{2150E333-8FDC-42A3-9474-1A3956D46DE8}") = "Basket", "Basket", "{DFEB4E98-7504-4A38-A7A9-3227AA6E7D1F}"
EndProject
Project("{9A19103F-16F7-4668-BE54-9A1E7A4F7556}") = "FreeCourse.Services.Basket", "Services\Basket\FreeCourse.Services.Basket\FreeCourse.Services.Basket.csproj", "{CE33A2F3-86A4-4154-9D8F-75BEC4EF3CE0}"
EndProject
Project("{2150E333-8FDC-42A3-9474-1A3956D46DE8}") = "Discount", "Discount", "{1F614965-6D51-4B85-BEBB-DDB6F4DF60DB}"
EndProject
Project("{9A19103F-16F7-4668-BE54-9A1E7A4F7556}") = "FreeCourse.Services.Discount", "Services\Discount\FreeCourse.Services.Discount\FreeCourse.Services.Discount.csproj", "{C000E900-6AE7-4C4B-ACC5-696B18259609}"
EndProject
Project("{2150E333-8FDC-42A3-9474-1A3956D46DE8}") = "Order", "Order", "{677DB9B3-CA74-43AB-844B-856CE7A3E6F7}"
EndProject
Project("{9A19103F-16F7-4668-BE54-9A1E7A4F7556}") = "FreeCourse.Services.Order.API", "Services\Order\FreeCourse.Services.Order\FreeCourse.Services.Order.API.csproj", "{BCB8FE97-EEEE-4BAB-A666-8F3FDE538D21}"
EndProject
Project("{FAE04EC0-301F-11D3-BF4B-00C04F79EFBC}") = "FreeCourse.Services.Order.Application", "Services\Order\FreeCourse.Services.Order.Application\FreeCourse.Services.Order.Application.csproj", "{310BF254-BBCE-4646-88CE-30A694026B74}"
EndProject
Project("{FAE04EC0-301F-11D3-BF4B-00C04F79EFBC}") = "FreeCourse.Services.Order.Domain", "Services\Order\FreeCourse.Services.Order.Domain\FreeCourse.Services.Order.Domain.csproj", "{F0B29198-FBBE-44D6-A16D-0B7D1B950416}"
EndProject
Project("{FAE04EC0-301F-11D3-BF4B-00C04F79EFBC}") = "FreeCourse.Services.Order.Core", "Services\Order\FreeCourse.Services.Order.Core\FreeCourse.Services.Order.Core.csproj", "{B9E22611-C5CA-4829-B569-272BF57E2C64}"
EndProject
Project("{FAE04EC0-301F-11D3-BF4B-00C04F79EFBC}") = "FreeCourse.Services.Order.Infrastructure", "Services\Order\FreeCourse.Services.Order.Infrastructure\FreeCourse.Services.Order.Infrastructure.csproj", "{E663A805-06B9-4E7B-8E4F-EE31DE0FAE91}"
EndProject
Project("{2150E333-8FDC-42A3-9474-1A3956D46DE8}") = "FakePayment", "FakePayment", "{4E7998FD-C9FA-434C-98BC-64433F9C1B07}"
EndProject
Project("{FAE04EC0-301F-11D3-BF4B-00C04F79EFBC}") = "FreeCourse.Services.FakePayment", "Services\FakePayment\FreeCourse.Services.FakePayment\FreeCourse.Services.FakePayment.csproj", "{B26BCDF1-3446-4983-9A50-861F1530A8C6}"
EndProject
Project("{2150E333-8FDC-42A3-9474-1A3956D46DE8}") = "Gateways", "Gateways", "{7355131A-B74B-4078-970D-7F82F1C3FAF7}"
EndProject
Project("{FAE04EC0-301F-11D3-BF4B-00C04F79EFBC}") = "FreeCourse.Gateway", "Gateways\FreeCourse.Gateway\FreeCourse.Gateway.csproj", "{1D046E31-FB05-4DDC-B412-26232D352648}"
EndProject
Global
	GlobalSection(SolutionConfigurationPlatforms) = preSolution
		Debug|Any CPU = Debug|Any CPU
		Release|Any CPU = Release|Any CPU
	EndGlobalSection
	GlobalSection(ProjectConfigurationPlatforms) = postSolution
		{E2EFDAF0-AEF5-4225-8AF7-63FCCBA5612A}.Debug|Any CPU.ActiveCfg = Debug|Any CPU
		{E2EFDAF0-AEF5-4225-8AF7-63FCCBA5612A}.Debug|Any CPU.Build.0 = Debug|Any CPU
		{E2EFDAF0-AEF5-4225-8AF7-63FCCBA5612A}.Release|Any CPU.ActiveCfg = Release|Any CPU
		{E2EFDAF0-AEF5-4225-8AF7-63FCCBA5612A}.Release|Any CPU.Build.0 = Release|Any CPU
		{D79049EF-FD3D-41FF-9B69-1CE315A5DFA8}.Debug|Any CPU.ActiveCfg = Debug|Any CPU
		{D79049EF-FD3D-41FF-9B69-1CE315A5DFA8}.Debug|Any CPU.Build.0 = Debug|Any CPU
		{D79049EF-FD3D-41FF-9B69-1CE315A5DFA8}.Release|Any CPU.ActiveCfg = Release|Any CPU
		{D79049EF-FD3D-41FF-9B69-1CE315A5DFA8}.Release|Any CPU.Build.0 = Release|Any CPU
		{48A067B0-78ED-40EE-9141-9A1335B210B5}.Debug|Any CPU.ActiveCfg = Debug|Any CPU
		{48A067B0-78ED-40EE-9141-9A1335B210B5}.Debug|Any CPU.Build.0 = Debug|Any CPU
		{48A067B0-78ED-40EE-9141-9A1335B210B5}.Release|Any CPU.ActiveCfg = Release|Any CPU
		{48A067B0-78ED-40EE-9141-9A1335B210B5}.Release|Any CPU.Build.0 = Release|Any CPU
		{1CF98D4E-A490-40B4-93BF-AE82E70DB9E3}.Debug|Any CPU.ActiveCfg = Debug|Any CPU
		{1CF98D4E-A490-40B4-93BF-AE82E70DB9E3}.Debug|Any CPU.Build.0 = Debug|Any CPU
		{1CF98D4E-A490-40B4-93BF-AE82E70DB9E3}.Release|Any CPU.ActiveCfg = Release|Any CPU
		{1CF98D4E-A490-40B4-93BF-AE82E70DB9E3}.Release|Any CPU.Build.0 = Release|Any CPU
		{CE33A2F3-86A4-4154-9D8F-75BEC4EF3CE0}.Debug|Any CPU.ActiveCfg = Debug|Any CPU
		{CE33A2F3-86A4-4154-9D8F-75BEC4EF3CE0}.Debug|Any CPU.Build.0 = Debug|Any CPU
		{CE33A2F3-86A4-4154-9D8F-75BEC4EF3CE0}.Release|Any CPU.ActiveCfg = Release|Any CPU
		{CE33A2F3-86A4-4154-9D8F-75BEC4EF3CE0}.Release|Any CPU.Build.0 = Release|Any CPU
		{C000E900-6AE7-4C4B-ACC5-696B18259609}.Debug|Any CPU.ActiveCfg = Debug|Any CPU
		{C000E900-6AE7-4C4B-ACC5-696B18259609}.Debug|Any CPU.Build.0 = Debug|Any CPU
		{C000E900-6AE7-4C4B-ACC5-696B18259609}.Release|Any CPU.ActiveCfg = Release|Any CPU
		{C000E900-6AE7-4C4B-ACC5-696B18259609}.Release|Any CPU.Build.0 = Release|Any CPU
		{BCB8FE97-EEEE-4BAB-A666-8F3FDE538D21}.Debug|Any CPU.ActiveCfg = Debug|Any CPU
		{BCB8FE97-EEEE-4BAB-A666-8F3FDE538D21}.Debug|Any CPU.Build.0 = Debug|Any CPU
		{BCB8FE97-EEEE-4BAB-A666-8F3FDE538D21}.Release|Any CPU.ActiveCfg = Release|Any CPU
		{BCB8FE97-EEEE-4BAB-A666-8F3FDE538D21}.Release|Any CPU.Build.0 = Release|Any CPU
		{310BF254-BBCE-4646-88CE-30A694026B74}.Debug|Any CPU.ActiveCfg = Debug|Any CPU
		{310BF254-BBCE-4646-88CE-30A694026B74}.Debug|Any CPU.Build.0 = Debug|Any CPU
		{310BF254-BBCE-4646-88CE-30A694026B74}.Release|Any CPU.ActiveCfg = Release|Any CPU
		{310BF254-BBCE-4646-88CE-30A694026B74}.Release|Any CPU.Build.0 = Release|Any CPU
		{F0B29198-FBBE-44D6-A16D-0B7D1B950416}.Debug|Any CPU.ActiveCfg = Debug|Any CPU
		{F0B29198-FBBE-44D6-A16D-0B7D1B950416}.Debug|Any CPU.Build.0 = Debug|Any CPU
		{F0B29198-FBBE-44D6-A16D-0B7D1B950416}.Release|Any CPU.ActiveCfg = Release|Any CPU
		{F0B29198-FBBE-44D6-A16D-0B7D1B950416}.Release|Any CPU.Build.0 = Release|Any CPU
		{B9E22611-C5CA-4829-B569-272BF57E2C64}.Debug|Any CPU.ActiveCfg = Debug|Any CPU
		{B9E22611-C5CA-4829-B569-272BF57E2C64}.Debug|Any CPU.Build.0 = Debug|Any CPU
		{B9E22611-C5CA-4829-B569-272BF57E2C64}.Release|Any CPU.ActiveCfg = Release|Any CPU
		{B9E22611-C5CA-4829-B569-272BF57E2C64}.Release|Any CPU.Build.0 = Release|Any CPU
		{E663A805-06B9-4E7B-8E4F-EE31DE0FAE91}.Debug|Any CPU.ActiveCfg = Debug|Any CPU
		{E663A805-06B9-4E7B-8E4F-EE31DE0FAE91}.Debug|Any CPU.Build.0 = Debug|Any CPU
		{E663A805-06B9-4E7B-8E4F-EE31DE0FAE91}.Release|Any CPU.ActiveCfg = Release|Any CPU
		{E663A805-06B9-4E7B-8E4F-EE31DE0FAE91}.Release|Any CPU.Build.0 = Release|Any CPU
		{B26BCDF1-3446-4983-9A50-861F1530A8C6}.Debug|Any CPU.ActiveCfg = Debug|Any CPU
		{B26BCDF1-3446-4983-9A50-861F1530A8C6}.Debug|Any CPU.Build.0 = Debug|Any CPU
		{B26BCDF1-3446-4983-9A50-861F1530A8C6}.Release|Any CPU.ActiveCfg = Release|Any CPU
		{B26BCDF1-3446-4983-9A50-861F1530A8C6}.Release|Any CPU.Build.0 = Release|Any CPU
		{1D046E31-FB05-4DDC-B412-26232D352648}.Debug|Any CPU.ActiveCfg = Debug|Any CPU
		{1D046E31-FB05-4DDC-B412-26232D352648}.Debug|Any CPU.Build.0 = Debug|Any CPU
		{1D046E31-FB05-4DDC-B412-26232D352648}.Release|Any CPU.ActiveCfg = Release|Any CPU
		{1D046E31-FB05-4DDC-B412-26232D352648}.Release|Any CPU.Build.0 = Release|Any CPU
	EndGlobalSection
	GlobalSection(SolutionProperties) = preSolution
		HideSolutionNode = FALSE
	EndGlobalSection
	GlobalSection(NestedProjects) = preSolution
		{ADE323EE-5974-4A04-8B95-4804EC72D0CD} = {96946ECF-767F-4464-9F0D-F7DBF9C9A99E}
		{E2EFDAF0-AEF5-4225-8AF7-63FCCBA5612A} = {ADE323EE-5974-4A04-8B95-4804EC72D0CD}
		{D79049EF-FD3D-41FF-9B69-1CE315A5DFA8} = {AF3FE4CD-8887-4A1C-B81E-0C2643581C09}
		{48A067B0-78ED-40EE-9141-9A1335B210B5} = {B74B0450-4A1E-43D6-8DC5-9913D0171B26}
		{82C8A3E6-8EA1-423C-B109-8E27F9F14306} = {96946ECF-767F-4464-9F0D-F7DBF9C9A99E}
		{1CF98D4E-A490-40B4-93BF-AE82E70DB9E3} = {82C8A3E6-8EA1-423C-B109-8E27F9F14306}
		{DFEB4E98-7504-4A38-A7A9-3227AA6E7D1F} = {96946ECF-767F-4464-9F0D-F7DBF9C9A99E}
		{CE33A2F3-86A4-4154-9D8F-75BEC4EF3CE0} = {DFEB4E98-7504-4A38-A7A9-3227AA6E7D1F}
		{1F614965-6D51-4B85-BEBB-DDB6F4DF60DB} = {96946ECF-767F-4464-9F0D-F7DBF9C9A99E}
		{C000E900-6AE7-4C4B-ACC5-696B18259609} = {1F614965-6D51-4B85-BEBB-DDB6F4DF60DB}
		{677DB9B3-CA74-43AB-844B-856CE7A3E6F7} = {96946ECF-767F-4464-9F0D-F7DBF9C9A99E}
		{BCB8FE97-EEEE-4BAB-A666-8F3FDE538D21} = {677DB9B3-CA74-43AB-844B-856CE7A3E6F7}
		{310BF254-BBCE-4646-88CE-30A694026B74} = {677DB9B3-CA74-43AB-844B-856CE7A3E6F7}
		{F0B29198-FBBE-44D6-A16D-0B7D1B950416} = {677DB9B3-CA74-43AB-844B-856CE7A3E6F7}
		{B9E22611-C5CA-4829-B569-272BF57E2C64} = {677DB9B3-CA74-43AB-844B-856CE7A3E6F7}
		{E663A805-06B9-4E7B-8E4F-EE31DE0FAE91} = {677DB9B3-CA74-43AB-844B-856CE7A3E6F7}
		{4E7998FD-C9FA-434C-98BC-64433F9C1B07} = {96946ECF-767F-4464-9F0D-F7DBF9C9A99E}
		{B26BCDF1-3446-4983-9A50-861F1530A8C6} = {4E7998FD-C9FA-434C-98BC-64433F9C1B07}
		{1D046E31-FB05-4DDC-B412-26232D352648} = {7355131A-B74B-4078-970D-7F82F1C3FAF7}
	EndGlobalSection
	GlobalSection(ExtensibilityGlobals) = postSolution
		SolutionGuid = {50430D5D-11F5-45AD-91B3-00A972823C49}
	EndGlobalSection
EndGlobal
